Microsoft Visual Studio Solution File, Format Version 11.00
# Visual Studio 2008

Project("{1E13B450-CE03-7546-C501-581B85D1CA1E}") = "3D_Project", "Assembly-CSharp-firstpass.csproj", "{40F54A7B-B06D-7EAB-0CF7-334F31295724}"
EndProject
Project("{1E13B450-CE03-7546-C501-581B85D1CA1E}") = "3D_Project", "Assembly-CSharp.csproj", "{115EFB1D-FA23-09F2-AA66-69EA4636E5F7}"
EndProject
Project("{1E13B450-CE03-7546-C501-581B85D1CA1E}") = "3D_Project", "Assembly-CSharp-Editor.csproj", "{7DDF720D-BE06-4A50-824C-63DF03150E25}"
EndProject
Global
	GlobalSection(SolutionConfigurationPlatforms) = preSolution
		Debug|Any CPU = Debug|Any CPU
		Release|Any CPU = Release|Any CPU
	EndGlobalSection
	GlobalSection(ProjectConfigurationPlatforms) = postSolution
		{40F54A7B-B06D-7EAB-0CF7-334F31295724}.Debug|Any CPU.ActiveCfg = Debug|Any CPU
		{40F54A7B-B06D-7EAB-0CF7-334F31295724}.Debug|Any CPU.Build.0 = Debug|Any CPU
		{40F54A7B-B06D-7EAB-0CF7-334F31295724}.Release|Any CPU.ActiveCfg = Release|Any CPU
		{40F54A7B-B06D-7EAB-0CF7-334F31295724}.Release|Any CPU.Build.0 = Release|Any CPU
		{115EFB1D-FA23-09F2-AA66-69EA4636E5F7}.Debug|Any CPU.ActiveCfg = Debug|Any CPU
		{115EFB1D-FA23-09F2-AA66-69EA4636E5F7}.Debug|Any CPU.Build.0 = Debug|Any CPU
		{115EFB1D-FA23-09F2-AA66-69EA4636E5F7}.Release|Any CPU.ActiveCfg = Release|Any CPU
		{115EFB1D-FA23-09F2-AA66-69EA4636E5F7}.Release|Any CPU.Build.0 = Release|Any CPU
		{7DDF720D-BE06-4A50-824C-63DF03150E25}.Debug|Any CPU.ActiveCfg = Debug|Any CPU
		{7DDF720D-BE06-4A50-824C-63DF03150E25}.Debug|Any CPU.Build.0 = Debug|Any CPU
		{7DDF720D-BE06-4A50-824C-63DF03150E25}.Release|Any CPU.ActiveCfg = Release|Any CPU
		{7DDF720D-BE06-4A50-824C-63DF03150E25}.Release|Any CPU.Build.0 = Release|Any CPU
	EndGlobalSection
	GlobalSection(SolutionProperties) = preSolution
		HideSolutionNode = FALSE
	EndGlobalSection
	GlobalSection(MonoDevelopProperties) = preSolution
		StartupItem = Assembly-CSharp.csproj
	EndGlobalSection
EndGlobal
